{
  "name": "@hoda5/multinpm",
  "version": "1.0.0",
  "lockfileVersion": 1,
  "requires": true,
  "dependencies": {
    "@types/node": {
      "version": "9.6.0",
      "resolved": "https://registry.npmjs.org/@types/node/-/node-9.6.0.tgz",
      "integrity": "sha512-h3YZbOq2+ZoDFI1z8Zx0Ck/xRWkOESVaLdgLdd/c25mMQ1Y2CAkILu9ny5A15S5f32gGcQdaUIZ2jzYr8D7IFg==",
      "dev": true
    },
    "@types/yargs": {
      "version": "11.0.0",
      "resolved": "https://registry.npmjs.org/@types/yargs/-/yargs-11.0.0.tgz",
      "integrity": "sha512-vFql3tOxs6clgh+WVoLW3nOkNGCdeKsMU6mQZkOerJpV/CR9Xc1c1lZ+kYU+hNSobrQIOcNovWfPFDJIhcG5Pw=="
    },
    "commander": {
      "version": "2.15.1",
      "resolved": "https://registry.npmjs.org/commander/-/commander-2.15.1.tgz",
      "integrity": "sha512-VlfT9F3V0v+jr4yxPc5gg9s62/fIVWsd2Bk2iD435um1NlGMYdVCq+MjcXnhYq2icNOizHr1kK+5TI6H0Hy0ag=="
    },
    "typescript": {
      "version": "2.9.0-dev.20180325",
      "resolved": "https://registry.npmjs.org/typescript/-/typescript-2.9.0-dev.20180325.tgz",
      "integrity": "sha512-w42V3MoOXi02+t/dd+WsuF6HRLDSJACeiFHxcRfvsB0INsw7xu9cGuh0fwwOYQK8HwT3yyKD4hVts8v45Ki6zg==",
      "dev": true
    }
  }
}
